// !$*UTF8*$!
{
	archiveVersion = 1;
	classes = {
	};
	objectVersion = 50;
	objects = {

/* Begin PBXBuildFile section */
		4D2A32D726D0004C005F51DE /* LandmarksApp.swift in Sources */ = {isa = PBXBuildFile; fileRef = 4D2A32D626D0004C005F51DE /* LandmarksApp.swift */; };
		4D2A32D926D0004C005F51DE /* ContentView.swift in Sources */ = {isa = PBXBuildFile; fileRef = 4D2A32D826D0004C005F51DE /* ContentView.swift */; };
		4D2A32DB26D0004C005F51DE /* Assets.xcassets in Resources */ = {isa = PBXBuildFile; fileRef = 4D2A32DA26D0004C005F51DE /* Assets.xcassets */; };
		4D2A32DE26D0004C005F51DE /* Preview Assets.xcassets in Resources */ = {isa = PBXBuildFile; fileRef = 4D2A32DD26D0004C005F51DE /* Preview Assets.xcassets */; };
		4DA0074826D022E2009A69F9 /* CircleImage.swift in Sources */ = {isa = PBXBuildFile; fileRef = 4DA0074726D022E2009A69F9 /* CircleImage.swift */; };
		4DA0074A26D0245D009A69F9 /* MapView.swift in Sources */ = {isa = PBXBuildFile; fileRef = 4DA0074926D0245D009A69F9 /* MapView.swift */; };
		4DCA2BB726D3F6D300888732 /* LICENSE.txt in Resources */ = {isa = PBXBuildFile; fileRef = 4DCA2BA926D3F6D300888732 /* LICENSE.txt */; };
		4DCA2BB826D3F6D300888732 /* umbagog@2x.jpg in Resources */ = {isa = PBXBuildFile; fileRef = 4DCA2BAB26D3F6D300888732 /* umbagog@2x.jpg */; };
		4DCA2BB926D3F6D300888732 /* twinlake@2x.jpg in Resources */ = {isa = PBXBuildFile; fileRef = 4DCA2BAC26D3F6D300888732 /* twinlake@2x.jpg */; };
		4DCA2BBA26D3F6D300888732 /* chincoteague@2x.jpg in Resources */ = {isa = PBXBuildFile; fileRef = 4DCA2BAD26D3F6D300888732 /* chincoteague@2x.jpg */; };
		4DCA2BBB26D3F6D300888732 /* lakemcdonald@2x.jpg in Resources */ = {isa = PBXBuildFile; fileRef = 4DCA2BAE26D3F6D300888732 /* lakemcdonald@2x.jpg */; };
		4DCA2BBC26D3F6D300888732 /* silversalmoncreek@2x.jpg in Resources */ = {isa = PBXBuildFile; fileRef = 4DCA2BAF26D3F6D300888732 /* silversalmoncreek@2x.jpg */; };
		4DCA2BBD26D3F6D300888732 /* icybay@2x.jpg in Resources */ = {isa = PBXBuildFile; fileRef = 4DCA2BB026D3F6D300888732 /* icybay@2x.jpg */; };
		4DCA2BBE26D3F6D300888732 /* hiddenlake@2x.jpg in Resources */ = {isa = PBXBuildFile; fileRef = 4DCA2BB126D3F6D300888732 /* hiddenlake@2x.jpg */; };
		4DCA2BBF26D3F6D300888732 /* chilkoottrail@2x.jpg in Resources */ = {isa = PBXBuildFile; fileRef = 4DCA2BB226D3F6D300888732 /* chilkoottrail@2x.jpg */; };
		4DCA2BC026D3F6D300888732 /* stmarylake@2x.jpg in Resources */ = {isa = PBXBuildFile; fileRef = 4DCA2BB326D3F6D300888732 /* stmarylake@2x.jpg */; };
		4DCA2BC126D3F6D300888732 /* charleyrivers@2x.jpg in Resources */ = {isa = PBXBuildFile; fileRef = 4DCA2BB426D3F6D300888732 /* charleyrivers@2x.jpg */; };
		4DCA2BC226D3F6D300888732 /* rainbowlake@2x.jpg in Resources */ = {isa = PBXBuildFile; fileRef = 4DCA2BB526D3F6D300888732 /* rainbowlake@2x.jpg */; };
		4DCA2BC326D3F6D300888732 /* landmarkData.json in Resources */ = {isa = PBXBuildFile; fileRef = 4DCA2BB626D3F6D300888732 /* landmarkData.json */; };
		4DCA2BC526D3F70C00888732 /* Landmark.swift in Sources */ = {isa = PBXBuildFile; fileRef = 4DCA2BC426D3F70C00888732 /* Landmark.swift */; };
		4DCA2BC726D3FA6C00888732 /* ModelData.swift in Sources */ = {isa = PBXBuildFile; fileRef = 4DCA2BC626D3FA6C00888732 /* ModelData.swift */; };
		4DCA2BCB26D3FC7D00888732 /* LandmarkRow.swift in Sources */ = {isa = PBXBuildFile; fileRef = 4DCA2BCA26D3FC7D00888732 /* LandmarkRow.swift */; };
/* End PBXBuildFile section */

/* Begin PBXFileReference section */
		4D2A32D326D0004C005F51DE /* Landmarks.app */ = {isa = PBXFileReference; explicitFileType = wrapper.application; includeInIndex = 0; path = Landmarks.app; sourceTree = BUILT_PRODUCTS_DIR; };
		4D2A32D626D0004C005F51DE /* LandmarksApp.swift */ = {isa = PBXFileReference; lastKnownFileType = sourcecode.swift; path = LandmarksApp.swift; sourceTree = "<group>"; };
		4D2A32D826D0004C005F51DE /* ContentView.swift */ = {isa = PBXFileReference; lastKnownFileType = sourcecode.swift; path = ContentView.swift; sourceTree = "<group>"; };
		4D2A32DA26D0004C005F51DE /* Assets.xcassets */ = {isa = PBXFileReference; lastKnownFileType = folder.assetcatalog; path = Assets.xcassets; sourceTree = "<group>"; };
		4D2A32DD26D0004C005F51DE /* Preview Assets.xcassets */ = {isa = PBXFileReference; lastKnownFileType = folder.assetcatalog; path = "Preview Assets.xcassets"; sourceTree = "<group>"; };
		4D2A32DF26D0004C005F51DE /* Info.plist */ = {isa = PBXFileReference; lastKnownFileType = text.plist.xml; path = Info.plist; sourceTree = "<group>"; };
		4DA0074726D022E2009A69F9 /* CircleImage.swift */ = {isa = PBXFileReference; lastKnownFileType = sourcecode.swift; path = CircleImage.swift; sourceTree = "<group>"; };
		4DA0074926D0245D009A69F9 /* MapView.swift */ = {isa = PBXFileReference; lastKnownFileType = sourcecode.swift; path = MapView.swift; sourceTree = "<group>"; };
		4DCA2BA926D3F6D300888732 /* LICENSE.txt */ = {isa = PBXFileReference; fileEncoding = 4; lastKnownFileType = text; path = LICENSE.txt; sourceTree = "<group>"; };
		4DCA2BAB26D3F6D300888732 /* umbagog@2x.jpg */ = {isa = PBXFileReference; lastKnownFileType = image.jpeg; path = "umbagog@2x.jpg"; sourceTree = "<group>"; };
		4DCA2BAC26D3F6D300888732 /* twinlake@2x.jpg */ = {isa = PBXFileReference; lastKnownFileType = image.jpeg; path = "twinlake@2x.jpg"; sourceTree = "<group>"; };
		4DCA2BAD26D3F6D300888732 /* chincoteague@2x.jpg */ = {isa = PBXFileReference; lastKnownFileType = image.jpeg; path = "chincoteague@2x.jpg"; sourceTree = "<group>"; };
		4DCA2BAE26D3F6D300888732 /* lakemcdonald@2x.jpg */ = {isa = PBXFileReference; lastKnownFileType = image.jpeg; path = "lakemcdonald@2x.jpg"; sourceTree = "<group>"; };
		4DCA2BAF26D3F6D300888732 /* silversalmoncreek@2x.jpg */ = {isa = PBXFileReference; lastKnownFileType = image.jpeg; path = "silversalmoncreek@2x.jpg"; sourceTree = "<group>"; };
		4DCA2BB026D3F6D300888732 /* icybay@2x.jpg */ = {isa = PBXFileReference; lastKnownFileType = image.jpeg; path = "icybay@2x.jpg"; sourceTree = "<group>"; };
		4DCA2BB126D3F6D300888732 /* hiddenlake@2x.jpg */ = {isa = PBXFileReference; lastKnownFileType = image.jpeg; path = "hiddenlake@2x.jpg"; sourceTree = "<group>"; };
		4DCA2BB226D3F6D300888732 /* chilkoottrail@2x.jpg */ = {isa = PBXFileReference; lastKnownFileType = image.jpeg; path = "chilkoottrail@2x.jpg"; sourceTree = "<group>"; };
		4DCA2BB326D3F6D300888732 /* stmarylake@2x.jpg */ = {isa = PBXFileReference; lastKnownFileType = image.jpeg; path = "stmarylake@2x.jpg"; sourceTree = "<group>"; };
		4DCA2BB426D3F6D300888732 /* charleyrivers@2x.jpg */ = {isa = PBXFileReference; lastKnownFileType = image.jpeg; path = "charleyrivers@2x.jpg"; sourceTree = "<group>"; };
		4DCA2BB526D3F6D300888732 /* rainbowlake@2x.jpg */ = {isa = PBXFileReference; lastKnownFileType = image.jpeg; path = "rainbowlake@2x.jpg"; sourceTree = "<group>"; };
		4DCA2BB626D3F6D300888732 /* landmarkData.json */ = {isa = PBXFileReference; fileEncoding = 4; lastKnownFileType = text.json; path = landmarkData.json; sourceTree = "<group>"; };
		4DCA2BC426D3F70C00888732 /* Landmark.swift */ = {isa = PBXFileReference; lastKnownFileType = sourcecode.swift; path = Landmark.swift; sourceTree = "<group>"; };
		4DCA2BC626D3FA6C00888732 /* ModelData.swift */ = {isa = PBXFileReference; lastKnownFileType = sourcecode.swift; path = ModelData.swift; sourceTree = "<group>"; };
		4DCA2BCA26D3FC7D00888732 /* LandmarkRow.swift */ = {isa = PBXFileReference; lastKnownFileType = sourcecode.swift; path = LandmarkRow.swift; sourceTree = SOURCE_ROOT; };
/* End PBXFileReference section */

/* Begin PBXFrameworksBuildPhase section */
		4D2A32D026D0004C005F51DE /* Frameworks */ = {
			isa = PBXFrameworksBuildPhase;
			buildActionMask = 2147483647;
			files = (
			);
			runOnlyForDeploymentPostprocessing = 0;
		};
/* End PBXFrameworksBuildPhase section */

/* Begin PBXGroup section */
		4D2A32CA26D0004C005F51DE = {
			isa = PBXGroup;
			children = (
				4D2A32D526D0004C005F51DE /* Landmarks */,
				4D2A32D426D0004C005F51DE /* Products */,
			);
			sourceTree = "<group>";
		};
		4D2A32D426D0004C005F51DE /* Products */ = {
			isa = PBXGroup;
			children = (
				4D2A32D326D0004C005F51DE /* Landmarks.app */,
			);
			name = Products;
			sourceTree = "<group>";
		};
		4D2A32D526D0004C005F51DE /* Landmarks */ = {
			isa = PBXGroup;
			children = (
				4D2A32D626D0004C005F51DE /* LandmarksApp.swift */,
				4DCA2BC826D3FBD600888732 /* Views */,
				4DCA2BC926D3FC1200888732 /* Model */,
				4D2A32DA26D0004C005F51DE /* Assets.xcassets */,
				4DCA2BA726D3F6D300888732 /* Resources */,
				4D2A32DF26D0004C005F51DE /* Info.plist */,
				4D2A32DC26D0004C005F51DE /* Preview Content */,
			);
			path = Landmarks;
			sourceTree = "<group>";
		};
		4D2A32DC26D0004C005F51DE /* Preview Content */ = {
			isa = PBXGroup;
			children = (
				4D2A32DD26D0004C005F51DE /* Preview Assets.xcassets */,
			);
			path = "Preview Content";
			sourceTree = "<group>";
		};
		4DCA2BA726D3F6D300888732 /* Resources */ = {
			isa = PBXGroup;
			children = (
				4DCA2BA826D3F6D300888732 /* LICENSE */,
				4DCA2BAA26D3F6D300888732 /* Images */,
				4DCA2BB626D3F6D300888732 /* landmarkData.json */,
			);
			path = Resources;
			sourceTree = "<group>";
		};
		4DCA2BA826D3F6D300888732 /* LICENSE */ = {
			isa = PBXGroup;
			children = (
				4DCA2BA926D3F6D300888732 /* LICENSE.txt */,
			);
			path = LICENSE;
			sourceTree = "<group>";
		};
		4DCA2BAA26D3F6D300888732 /* Images */ = {
			isa = PBXGroup;
			children = (
				4DCA2BAB26D3F6D300888732 /* umbagog@2x.jpg */,
				4DCA2BAC26D3F6D300888732 /* twinlake@2x.jpg */,
				4DCA2BAD26D3F6D300888732 /* chincoteague@2x.jpg */,
				4DCA2BAE26D3F6D300888732 /* lakemcdonald@2x.jpg */,
				4DCA2BAF26D3F6D300888732 /* silversalmoncreek@2x.jpg */,
				4DCA2BB026D3F6D300888732 /* icybay@2x.jpg */,
				4DCA2BB126D3F6D300888732 /* hiddenlake@2x.jpg */,
				4DCA2BB226D3F6D300888732 /* chilkoottrail@2x.jpg */,
				4DCA2BB326D3F6D300888732 /* stmarylake@2x.jpg */,
				4DCA2BB426D3F6D300888732 /* charleyrivers@2x.jpg */,
				4DCA2BB526D3F6D300888732 /* rainbowlake@2x.jpg */,
			);
			path = Images;
			sourceTree = "<group>";
		};
		4DCA2BC826D3FBD600888732 /* Views */ = {
			isa = PBXGroup;
			children = (
				4DCA2BCA26D3FC7D00888732 /* LandmarkRow.swift */,
				4DA0074926D0245D009A69F9 /* MapView.swift */,
				4D2A32D826D0004C005F51DE /* ContentView.swift */,
				4DA0074726D022E2009A69F9 /* CircleImage.swift */,
			);
			path = Views;
			sourceTree = "<group>";
		};
		4DCA2BC926D3FC1200888732 /* Model */ = {
			isa = PBXGroup;
			children = (
				4DCA2BC426D3F70C00888732 /* Landmark.swift */,
				4DCA2BC626D3FA6C00888732 /* ModelData.swift */,
			);
			path = Model;
			sourceTree = "<group>";
		};
/* End PBXGroup section */

/* Begin PBXNativeTarget section */
		4D2A32D226D0004C005F51DE /* Landmarks */ = {
			isa = PBXNativeTarget;
			buildConfigurationList = 4D2A32E226D0004C005F51DE /* Build configuration list for PBXNativeTarget "Landmarks" */;
			buildPhases = (
				4D2A32CF26D0004C005F51DE /* Sources */,
				4D2A32D026D0004C005F51DE /* Frameworks */,
				4D2A32D126D0004C005F51DE /* Resources */,
			);
			buildRules = (
			);
			dependencies = (
			);
			name = Landmarks;
			productName = Landmarks;
			productReference = 4D2A32D326D0004C005F51DE /* Landmarks.app */;
			productType = "com.apple.product-type.application";
		};
/* End PBXNativeTarget section */

/* Begin PBXProject section */
		4D2A32CB26D0004C005F51DE /* Project object */ = {
			isa = PBXProject;
			attributes = {
				LastSwiftUpdateCheck = 1250;
				LastUpgradeCheck = 1250;
				TargetAttributes = {
					4D2A32D226D0004C005F51DE = {
						CreatedOnToolsVersion = 12.5.1;
					};
				};
			};
			buildConfigurationList = 4D2A32CE26D0004C005F51DE /* Build configuration list for PBXProject "Landmarks" */;
			compatibilityVersion = "Xcode 9.3";
			developmentRegion = en;
			hasScannedForEncodings = 0;
			knownRegions = (
				en,
				Base,
			);
			mainGroup = 4D2A32CA26D0004C005F51DE;
			productRefGroup = 4D2A32D426D0004C005F51DE /* Products */;
			projectDirPath = "";
			projectRoot = "";
			targets = (
				4D2A32D226D0004C005F51DE /* Landmarks */,
			);
		};
/* End PBXProject section */

/* Begin PBXResourcesBuildPhase section */
		4D2A32D126D0004C005F51DE /* Resources */ = {
			isa = PBXResourcesBuildPhase;
			buildActionMask = 2147483647;
			files = (
				4DCA2BC126D3F6D300888732 /* charleyrivers@2x.jpg in Resources */,
				4DCA2BB726D3F6D300888732 /* LICENSE.txt in Resources */,
				4DCA2BBE26D3F6D300888732 /* hiddenlake@2x.jpg in Resources */,
				4DCA2BB826D3F6D300888732 /* umbagog@2x.jpg in Resources */,
				4DCA2BC226D3F6D300888732 /* rainbowlake@2x.jpg in Resources */,
				4DCA2BBD26D3F6D300888732 /* icybay@2x.jpg in Resources */,
				4DCA2BBC26D3F6D300888732 /* silversalmoncreek@2x.jpg in Resources */,
				4D2A32DE26D0004C005F51DE /* Preview Assets.xcassets in Resources */,
				4DCA2BC326D3F6D300888732 /* landmarkData.json in Resources */,
				4DCA2BB926D3F6D300888732 /* twinlake@2x.jpg in Resources */,
				4DCA2BC026D3F6D300888732 /* stmarylake@2x.jpg in Resources */,
				4DCA2BBB26D3F6D300888732 /* lakemcdonald@2x.jpg in Resources */,
				4DCA2BBF26D3F6D300888732 /* chilkoottrail@2x.jpg in Resources */,
				4D2A32DB26D0004C005F51DE /* Assets.xcassets in Resources */,
				4DCA2BBA26D3F6D300888732 /* chincoteague@2x.jpg in Resources */,
			);
			runOnlyForDeploymentPostprocessing = 0;
		};
/* End PBXResourcesBuildPhase section */

/* Begin PBXSourcesBuildPhase section */
		4D2A32CF26D0004C005F51DE /* Sources */ = {
			isa = PBXSourcesBuildPhase;
			buildActionMask = 2147483647;
			files = (
				4D2A32D926D0004C005F51DE /* ContentView.swift in Sources */,
				4DA0074A26D0245D009A69F9 /* MapView.swift in Sources */,
				4D2A32D726D0004C005F51DE /* LandmarksApp.swift in Sources */,
				4DA0074826D022E2009A69F9 /* CircleImage.swift in Sources */,
				4DCA2BC526D3F70C00888732 /* Landmark.swift in Sources */,
				4DCA2BCB26D3FC7D00888732 /* LandmarkRow.swift in Sources */,
				4DCA2BC726D3FA6C00888732 /* ModelData.swift in Sources */,
			);
			runOnlyForDeploymentPostprocessing = 0;
		};
/* End PBXSourcesBuildPhase section */

/* Begin XCBuildConfiguration section */
		4D2A32E026D0004C005F51DE /* Debug */ = {
			isa = XCBuildConfiguration;
			buildSettings = {
				ALWAYS_SEARCH_USER_PATHS = NO;
				CLANG_ANALYZER_NONNULL = YES;
				CLANG_ANALYZER_NUMBER_OBJECT_CONVERSION = YES_AGGRESSIVE;
				CLANG_CXX_LANGUAGE_STANDARD = "gnu++14";
				CLANG_CXX_LIBRARY = "libc++";
				CLANG_ENABLE_MODULES = YES;
				CLANG_ENABLE_OBJC_ARC = YES;
				CLANG_ENABLE_OBJC_WEAK = YES;
				CLANG_WARN_BLOCK_CAPTURE_AUTORELEASING = YES;
				CLANG_WARN_BOOL_CONVERSION = YES;
				CLANG_WARN_COMMA = YES;
				CLANG_WARN_CONSTANT_CONVERSION = YES;
				CLANG_WARN_DEPRECATED_OBJC_IMPLEMENTATIONS = YES;
				CLANG_WARN_DIRECT_OBJC_ISA_USAGE = YES_ERROR;
				CLANG_WARN_DOCUMENTATION_COMMENTS = YES;
				CLANG_WARN_EMPTY_BODY = YES;
				CLANG_WARN_ENUM_CONVERSION = YES;
				CLANG_WARN_INFINITE_RECURSION = YES;
				CLANG_WARN_INT_CONVERSION = YES;
				CLANG_WARN_NON_LITERAL_NULL_CONVERSION = YES;
				CLANG_WARN_OBJC_IMPLICIT_RETAIN_SELF = YES;
				CLANG_WARN_OBJC_LITERAL_CONVERSION = YES;
				CLANG_WARN_OBJC_ROOT_CLASS = YES_ERROR;
				CLANG_WARN_QUOTED_INCLUDE_IN_FRAMEWORK_HEADER = YES;
				CLANG_WARN_RANGE_LOOP_ANALYSIS = YES;
				CLANG_WARN_STRICT_PROTOTYPES = YES;
				CLANG_WARN_SUSPICIOUS_MOVE = YES;
				CLANG_WARN_UNGUARDED_AVAILABILITY = YES_AGGRESSIVE;
				CLANG_WARN_UNREACHABLE_CODE = YES;
				CLANG_WARN__DUPLICATE_METHOD_MATCH = YES;
				COPY_PHASE_STRIP = NO;
				DEBUG_INFORMATION_FORMAT = dwarf;
				ENABLE_STRICT_OBJC_MSGSEND = YES;
				ENABLE_TESTABILITY = YES;
				GCC_C_LANGUAGE_STANDARD = gnu11;
				GCC_DYNAMIC_NO_PIC = NO;
				GCC_NO_COMMON_BLOCKS = YES;
				GCC_OPTIMIZATION_LEVEL = 0;
				GCC_PREPROCESSOR_DEFINITIONS = (
					"DEBUG=1",
					"$(inherited)",
				);
				GCC_WARN_64_TO_32_BIT_CONVERSION = YES;
				GCC_WARN_ABOUT_RETURN_TYPE = YES_ERROR;
				GCC_WARN_UNDECLARED_SELECTOR = YES;
				GCC_WARN_UNINITIALIZED_AUTOS = YES_AGGRESSIVE;
				GCC_WARN_UNUSED_FUNCTION = YES;
				GCC_WARN_UNUSED_VARIABLE = YES;
				IPHONEOS_DEPLOYMENT_TARGET = 14.5;
				MTL_ENABLE_DEBUG_INFO = INCLUDE_SOURCE;
				MTL_FAST_MATH = YES;
				ONLY_ACTIVE_ARCH = YES;
				SDKROOT = iphoneos;
				SWIFT_ACTIVE_COMPILATION_CONDITIONS = DEBUG;
				SWIFT_OPTIMIZATION_LEVEL = "-Onone";
			};
			name = Debug;
		};
		4D2A32E126D0004C005F51DE /* Release */ = {
			isa = XCBuildConfiguration;
			buildSettings = {
				ALWAYS_SEARCH_USER_PATHS = NO;
				CLANG_ANALYZER_NONNULL = YES;
				CLANG_ANALYZER_NUMBER_OBJECT_CONVERSION = YES_AGGRESSIVE;
				CLANG_CXX_LANGUAGE_STANDARD = "gnu++14";
				CLANG_CXX_LIBRARY = "libc++";
				CLANG_ENABLE_MODULES = YES;
				CLANG_ENABLE_OBJC_ARC = YES;
				CLANG_ENABLE_OBJC_WEAK = YES;
				CLANG_WARN_BLOCK_CAPTURE_AUTORELEASING = YES;
				CLANG_WARN_BOOL_CONVERSION = YES;
				CLANG_WARN_COMMA = YES;
				CLANG_WARN_CONSTANT_CONVERSION = YES;
				CLANG_WARN_DEPRECATED_OBJC_IMPLEMENTATIONS = YES;
				CLANG_WARN_DIRECT_OBJC_ISA_USAGE = YES_ERROR;
				CLANG_WARN_DOCUMENTATION_COMMENTS = YES;
				CLANG_WARN_EMPTY_BODY = YES;
				CLANG_WARN_ENUM_CONVERSION = YES;
				CLANG_WARN_INFINITE_RECURSION = YES;
				CLANG_WARN_INT_CONVERSION = YES;
				CLANG_WARN_NON_LITERAL_NULL_CONVERSION = YES;
				CLANG_WARN_OBJC_IMPLICIT_RETAIN_SELF = YES;
				CLANG_WARN_OBJC_LITERAL_CONVERSION = YES;
				CLANG_WARN_OBJC_ROOT_CLASS = YES_ERROR;
				CLANG_WARN_QUOTED_INCLUDE_IN_FRAMEWORK_HEADER = YES;
				CLANG_WARN_RANGE_LOOP_ANALYSIS = YES;
				CLANG_WARN_STRICT_PROTOTYPES = YES;
				CLANG_WARN_SUSPICIOUS_MOVE = YES;
				CLANG_WARN_UNGUARDED_AVAILABILITY = YES_AGGRESSIVE;
				CLANG_WARN_UNREACHABLE_CODE = YES;
				CLANG_WARN__DUPLICATE_METHOD_MATCH = YES;
				COPY_PHASE_STRIP = NO;
				DEBUG_INFORMATION_FORMAT = "dwarf-with-dsym";
				ENABLE_NS_ASSERTIONS = NO;
				ENABLE_STRICT_OBJC_MSGSEND = YES;
				GCC_C_LANGUAGE_STANDARD = gnu11;
				GCC_NO_COMMON_BLOCKS = YES;
				GCC_WARN_64_TO_32_BIT_CONVERSION = YES;
				GCC_WARN_ABOUT_RETURN_TYPE = YES_ERROR;
				GCC_WARN_UNDECLARED_SELECTOR = YES;
				GCC_WARN_UNINITIALIZED_AUTOS = YES_AGGRESSIVE;
				GCC_WARN_UNUSED_FUNCTION = YES;
				GCC_WARN_UNUSED_VARIABLE = YES;
				IPHONEOS_DEPLOYMENT_TARGET = 14.5;
				MTL_ENABLE_DEBUG_INFO = NO;
				MTL_FAST_MATH = YES;
				SDKROOT = iphoneos;
				SWIFT_COMPILATION_MODE = wholemodule;
				SWIFT_OPTIMIZATION_LEVEL = "-O";
				VALIDATE_PRODUCT = YES;
			};
			name = Release;
		};
		4D2A32E326D0004C005F51DE /* Debug */ = {
			isa = XCBuildConfiguration;
			buildSettings = {
				ASSETCATALOG_COMPILER_APPICON_NAME = AppIcon;
				ASSETCATALOG_COMPILER_GLOBAL_ACCENT_COLOR_NAME = AccentColor;
				CODE_SIGN_STYLE = Automatic;
				DEVELOPMENT_ASSET_PATHS = "\"Landmarks/Preview Content\"";
				DEVELOPMENT_TEAM = 6VKB4Z9PA7;
				ENABLE_PREVIEWS = YES;
				INFOPLIST_FILE = Landmarks/Info.plist;
				IPHONEOS_DEPLOYMENT_TARGET = 14.0;
				LD_RUNPATH_SEARCH_PATHS = (
					"$(inherited)",
					"@executable_path/Frameworks",
				);
				PRODUCT_BUNDLE_IDENTIFIER = ryan.Landmarks;
				PRODUCT_NAME = "$(TARGET_NAME)";
				SWIFT_VERSION = 5.0;
				TARGETED_DEVICE_FAMILY = "1,2";
			};
			name = Debug;
		};
		4D2A32E426D0004C005F51DE /* Release */ = {
			isa = XCBuildConfiguration;
			buildSettings = {
				ASSETCATALOG_COMPILER_APPICON_NAME = AppIcon;
				ASSETCATALOG_COMPILER_GLOBAL_ACCENT_COLOR_NAME = AccentColor;
				CODE_SIGN_STYLE = Automatic;
				DEVELOPMENT_ASSET_PATHS = "\"Landmarks/Preview Content\"";
				DEVELOPMENT_TEAM = 6VKB4Z9PA7;
				ENABLE_PREVIEWS = YES;
				INFOPLIST_FILE = Landmarks/Info.plist;
				IPHONEOS_DEPLOYMENT_TARGET = 14.0;
				LD_RUNPATH_SEARCH_PATHS = (
					"$(inherited)",
					"@executable_path/Frameworks",
				);
				PRODUCT_BUNDLE_IDENTIFIER = ryan.Landmarks;
				PRODUCT_NAME = "$(TARGET_NAME)";
				SWIFT_VERSION = 5.0;
				TARGETED_DEVICE_FAMILY = "1,2";
			};
			name = Release;
		};
/* End XCBuildConfiguration section */

/* Begin XCConfigurationList section */
		4D2A32CE26D0004C005F51DE /* Build configuration list for PBXProject "Landmarks" */ = {
			isa = XCConfigurationList;
			buildConfigurations = (
				4D2A32E026D0004C005F51DE /* Debug */,
				4D2A32E126D0004C005F51DE /* Release */,
			);
			defaultConfigurationIsVisible = 0;
			defaultConfigurationName = Release;
		};
		4D2A32E226D0004C005F51DE /* Build configuration list for PBXNativeTarget "Landmarks" */ = {
			isa = XCConfigurationList;
			buildConfigurations = (
				4D2A32E326D0004C005F51DE /* Debug */,
				4D2A32E426D0004C005F51DE /* Release */,
			);
			defaultConfigurationIsVisible = 0;
			defaultConfigurationName = Release;
		};
/* End XCConfigurationList section */
	};
	rootObject = 4D2A32CB26D0004C005F51DE /* Project object */;
}
